// !$*UTF8*$!
{
	archiveVersion = 1;
	classes = {
	};
	objectVersion = 55;
	objects = {

/* Begin PBXBuildFile section */
		C7C2E95627ACF82300FCC8CA /* AppDelegate.swift in Sources */ = {isa = PBXBuildFile; fileRef = C7C2E95527ACF82300FCC8CA /* AppDelegate.swift */; };
		C7C2E95827ACF82300FCC8CA /* SceneDelegate.swift in Sources */ = {isa = PBXBuildFile; fileRef = C7C2E95727ACF82300FCC8CA /* SceneDelegate.swift */; };
		C7C2E95A27ACF82300FCC8CA /* ViewController.swift in Sources */ = {isa = PBXBuildFile; fileRef = C7C2E95927ACF82300FCC8CA /* ViewController.swift */; };
		C7C2E95D27ACF82300FCC8CA /* Main.storyboard in Resources */ = {isa = PBXBuildFile; fileRef = C7C2E95B27ACF82300FCC8CA /* Main.storyboard */; };
		C7C2E95F27ACF82400FCC8CA /* Assets.xcassets in Resources */ = {isa = PBXBuildFile; fileRef = C7C2E95E27ACF82400FCC8CA /* Assets.xcassets */; };
		C7C2E96227ACF82400FCC8CA /* LaunchScreen.storyboard in Resources */ = {isa = PBXBuildFile; fileRef = C7C2E96027ACF82400FCC8CA /* LaunchScreen.storyboard */; };
		C7C2E96A27AD09EF00FCC8CA /* Concentration.swift in Sources */ = {isa = PBXBuildFile; fileRef = C7C2E96927AD09EF00FCC8CA /* Concentration.swift */; };
		C7C2E96C27AD0A7F00FCC8CA /* Card.swift in Sources */ = {isa = PBXBuildFile; fileRef = C7C2E96B27AD0A7F00FCC8CA /* Card.swift */; };
/* End PBXBuildFile section */

/* Begin PBXFileReference section */
		C7C2E95227ACF82300FCC8CA /* ConcentrationGame.app */ = {isa = PBXFileReference; explicitFileType = wrapper.application; includeInIndex = 0; path = ConcentrationGame.app; sourceTree = BUILT_PRODUCTS_DIR; };
		C7C2E95527ACF82300FCC8CA /* AppDelegate.swift */ = {isa = PBXFileReference; lastKnownFileType = sourcecode.swift; path = AppDelegate.swift; sourceTree = "<group>"; };
		C7C2E95727ACF82300FCC8CA /* SceneDelegate.swift */ = {isa = PBXFileReference; lastKnownFileType = sourcecode.swift; path = SceneDelegate.swift; sourceTree = "<group>"; };
		C7C2E95927ACF82300FCC8CA /* ViewController.swift */ = {isa = PBXFileReference; lastKnownFileType = sourcecode.swift; path = ViewController.swift; sourceTree = "<group>"; };
		C7C2E95C27ACF82300FCC8CA /* Base */ = {isa = PBXFileReference; lastKnownFileType = file.storyboard; name = Base; path = Base.lproj/Main.storyboard; sourceTree = "<group>"; };
		C7C2E95E27ACF82400FCC8CA /* Assets.xcassets */ = {isa = PBXFileReference; lastKnownFileType = folder.assetcatalog; path = Assets.xcassets; sourceTree = "<group>"; };
		C7C2E96127ACF82400FCC8CA /* Base */ = {isa = PBXFileReference; lastKnownFileType = file.storyboard; name = Base; path = Base.lproj/LaunchScreen.storyboard; sourceTree = "<group>"; };
		C7C2E96327ACF82400FCC8CA /* Info.plist */ = {isa = PBXFileReference; lastKnownFileType = text.plist.xml; path = Info.plist; sourceTree = "<group>"; };
		C7C2E96927AD09EF00FCC8CA /* Concentration.swift */ = {isa = PBXFileReference; lastKnownFileType = sourcecode.swift; path = Concentration.swift; sourceTree = "<group>"; };
		C7C2E96B27AD0A7F00FCC8CA /* Card.swift */ = {isa = PBXFileReference; lastKnownFileType = sourcecode.swift; path = Card.swift; sourceTree = "<group>"; };
/* End PBXFileReference section */

/* Begin PBXFrameworksBuildPhase section */
		C7C2E94F27ACF82300FCC8CA /* Frameworks */ = {
			isa = PBXFrameworksBuildPhase;
			buildActionMask = 2147483647;
			files = (
			);
			runOnlyForDeploymentPostprocessing = 0;
		};
/* End PBXFrameworksBuildPhase section */

/* Begin PBXGroup section */
		C7C2E94927ACF82300FCC8CA = {
			isa = PBXGroup;
			children = (
				C7C2E95427ACF82300FCC8CA /* ConcentrationGame */,
				C7C2E95327ACF82300FCC8CA /* Products */,
			);
			sourceTree = "<group>";
		};
		C7C2E95327ACF82300FCC8CA /* Products */ = {
			isa = PBXGroup;
			children = (
				C7C2E95227ACF82300FCC8CA /* ConcentrationGame.app */,
			);
			name = Products;
			sourceTree = "<group>";
		};
		C7C2E95427ACF82300FCC8CA /* ConcentrationGame */ = {
			isa = PBXGroup;
			children = (
				C7C2E96927AD09EF00FCC8CA /* Concentration.swift */,
				C7C2E96B27AD0A7F00FCC8CA /* Card.swift */,
				C7C2E95527ACF82300FCC8CA /* AppDelegate.swift */,
				C7C2E95727ACF82300FCC8CA /* SceneDelegate.swift */,
				C7C2E95927ACF82300FCC8CA /* ViewController.swift */,
				C7C2E95B27ACF82300FCC8CA /* Main.storyboard */,
				C7C2E95E27ACF82400FCC8CA /* Assets.xcassets */,
				C7C2E96027ACF82400FCC8CA /* LaunchScreen.storyboard */,
				C7C2E96327ACF82400FCC8CA /* Info.plist */,
			);
			path = ConcentrationGame;
			sourceTree = "<group>";
		};
/* End PBXGroup section */

/* Begin PBXNativeTarget section */
		C7C2E95127ACF82300FCC8CA /* ConcentrationGame */ = {
			isa = PBXNativeTarget;
			buildConfigurationList = C7C2E96627ACF82400FCC8CA /* Build configuration list for PBXNativeTarget "ConcentrationGame" */;
			buildPhases = (
				C7C2E94E27ACF82300FCC8CA /* Sources */,
				C7C2E94F27ACF82300FCC8CA /* Frameworks */,
				C7C2E95027ACF82300FCC8CA /* Resources */,
			);
			buildRules = (
			);
			dependencies = (
			);
			name = ConcentrationGame;
			productName = ConcentrationGame;
			productReference = C7C2E95227ACF82300FCC8CA /* ConcentrationGame.app */;
			productType = "com.apple.product-type.application";
		};
/* End PBXNativeTarget section */

/* Begin PBXProject section */
		C7C2E94A27ACF82300FCC8CA /* Project object */ = {
			isa = PBXProject;
			attributes = {
				BuildIndependentTargetsInParallel = 1;
				LastSwiftUpdateCheck = 1320;
				LastUpgradeCheck = 1320;
				TargetAttributes = {
					C7C2E95127ACF82300FCC8CA = {
						CreatedOnToolsVersion = 13.2.1;
					};
				};
			};
			buildConfigurationList = C7C2E94D27ACF82300FCC8CA /* Build configuration list for PBXProject "ConcentrationGame" */;
			compatibilityVersion = "Xcode 13.0";
			developmentRegion = en;
			hasScannedForEncodings = 0;
			knownRegions = (
				en,
				Base,
			);
			mainGroup = C7C2E94927ACF82300FCC8CA;
			productRefGroup = C7C2E95327ACF82300FCC8CA /* Products */;
			projectDirPath = "";
			projectRoot = "";
			targets = (
				C7C2E95127ACF82300FCC8CA /* ConcentrationGame */,
			);
		};
/* End PBXProject section */

/* Begin PBXResourcesBuildPhase section */
		C7C2E95027ACF82300FCC8CA /* Resources */ = {
			isa = PBXResourcesBuildPhase;
			buildActionMask = 2147483647;
			files = (
				C7C2E96227ACF82400FCC8CA /* LaunchScreen.storyboard in Resources */,
				C7C2E95F27ACF82400FCC8CA /* Assets.xcassets in Resources */,
				C7C2E95D27ACF82300FCC8CA /* Main.storyboard in Resources */,
			);
			runOnlyForDeploymentPostprocessing = 0;
		};
/* End PBXResourcesBuildPhase section */

/* Begin PBXSourcesBuildPhase section */
		C7C2E94E27ACF82300FCC8CA /* Sources */ = {
			isa = PBXSourcesBuildPhase;
			buildActionMask = 2147483647;
			files = (
				C7C2E95A27ACF82300FCC8CA /* ViewController.swift in Sources */,
				C7C2E96A27AD09EF00FCC8CA /* Concentration.swift in Sources */,
				C7C2E96C27AD0A7F00FCC8CA /* Card.swift in Sources */,
				C7C2E95627ACF82300FCC8CA /* AppDelegate.swift in Sources */,
				C7C2E95827ACF82300FCC8CA /* SceneDelegate.swift in Sources */,
			);
			runOnlyForDeploymentPostprocessing = 0;
		};
/* End PBXSourcesBuildPhase section */

/* Begin PBXVariantGroup section */
		C7C2E95B27ACF82300FCC8CA /* Main.storyboard */ = {
			isa = PBXVariantGroup;
			children = (
				C7C2E95C27ACF82300FCC8CA /* Base */,
			);
			name = Main.storyboard;
			sourceTree = "<group>";
		};
		C7C2E96027ACF82400FCC8CA /* LaunchScreen.storyboard */ = {
			isa = PBXVariantGroup;
			children = (
				C7C2E96127ACF82400FCC8CA /* Base */,
			);
			name = LaunchScreen.storyboard;
			sourceTree = "<group>";
		};
/* End PBXVariantGroup section */

/* Begin XCBuildConfiguration section */
		C7C2E96427ACF82400FCC8CA /* Debug */ = {
			isa = XCBuildConfiguration;
			buildSettings = {
				ALWAYS_SEARCH_USER_PATHS = NO;
				CLANG_ANALYZER_NONNULL = YES;
				CLANG_ANALYZER_NUMBER_OBJECT_CONVERSION = YES_AGGRESSIVE;
				CLANG_CXX_LANGUAGE_STANDARD = "gnu++17";
				CLANG_CXX_LIBRARY = "libc++";
				CLANG_ENABLE_MODULES = YES;
				CLANG_ENABLE_OBJC_ARC = YES;
				CLANG_ENABLE_OBJC_WEAK = YES;
				CLANG_WARN_BLOCK_CAPTURE_AUTORELEASING = YES;
				CLANG_WARN_BOOL_CONVERSION = YES;
				CLANG_WARN_COMMA = YES;
				CLANG_WARN_CONSTANT_CONVERSION = YES;
				CLANG_WARN_DEPRECATED_OBJC_IMPLEMENTATIONS = YES;
				CLANG_WARN_DIRECT_OBJC_ISA_USAGE = YES_ERROR;
				CLANG_WARN_DOCUMENTATION_COMMENTS = YES;
				CLANG_WARN_EMPTY_BODY = YES;
				CLANG_WARN_ENUM_CONVERSION = YES;
				CLANG_WARN_INFINITE_RECURSION = YES;
				CLANG_WARN_INT_CONVERSION = YES;
				CLANG_WARN_NON_LITERAL_NULL_CONVERSION = YES;
				CLANG_WARN_OBJC_IMPLICIT_RETAIN_SELF = YES;
				CLANG_WARN_OBJC_LITERAL_CONVERSION = YES;
				CLANG_WARN_OBJC_ROOT_CLASS = YES_ERROR;
				CLANG_WARN_QUOTED_INCLUDE_IN_FRAMEWORK_HEADER = YES;
				CLANG_WARN_RANGE_LOOP_ANALYSIS = YES;
				CLANG_WARN_STRICT_PROTOTYPES = YES;
				CLANG_WARN_SUSPICIOUS_MOVE = YES;
				CLANG_WARN_UNGUARDED_AVAILABILITY = YES_AGGRESSIVE;
				CLANG_WARN_UNREACHABLE_CODE = YES;
				CLANG_WARN__DUPLICATE_METHOD_MATCH = YES;
				COPY_PHASE_STRIP = NO;
				DEBUG_INFORMATION_FORMAT = dwarf;
				ENABLE_STRICT_OBJC_MSGSEND = YES;
				ENABLE_TESTABILITY = YES;
				GCC_C_LANGUAGE_STANDARD = gnu11;
				GCC_DYNAMIC_NO_PIC = NO;
				GCC_NO_COMMON_BLOCKS = YES;
				GCC_OPTIMIZATION_LEVEL = 0;
				GCC_PREPROCESSOR_DEFINITIONS = (
					"DEBUG=1",
					"$(inherited)",
				);
				GCC_WARN_64_TO_32_BIT_CONVERSION = YES;
				GCC_WARN_ABOUT_RETURN_TYPE = YES_ERROR;
				GCC_WARN_UNDECLARED_SELECTOR = YES;
				GCC_WARN_UNINITIALIZED_AUTOS = YES_AGGRESSIVE;
				GCC_WARN_UNUSED_FUNCTION = YES;
				GCC_WARN_UNUSED_VARIABLE = YES;
				IPHONEOS_DEPLOYMENT_TARGET = 15.2;
				MTL_ENABLE_DEBUG_INFO = INCLUDE_SOURCE;
				MTL_FAST_MATH = YES;
				ONLY_ACTIVE_ARCH = YES;
				SDKROOT = iphoneos;
				SWIFT_ACTIVE_COMPILATION_CONDITIONS = DEBUG;
				SWIFT_OPTIMIZATION_LEVEL = "-Onone";
			};
			name = Debug;
		};
		C7C2E96527ACF82400FCC8CA /* Release */ = {
			isa = XCBuildConfiguration;
			buildSettings = {
				ALWAYS_SEARCH_USER_PATHS = NO;
				CLANG_ANALYZER_NONNULL = YES;
				CLANG_ANALYZER_NUMBER_OBJECT_CONVERSION = YES_AGGRESSIVE;
				CLANG_CXX_LANGUAGE_STANDARD = "gnu++17";
				CLANG_CXX_LIBRARY = "libc++";
				CLANG_ENABLE_MODULES = YES;
				CLANG_ENABLE_OBJC_ARC = YES;
				CLANG_ENABLE_OBJC_WEAK = YES;
				CLANG_WARN_BLOCK_CAPTURE_AUTORELEASING = YES;
				CLANG_WARN_BOOL_CONVERSION = YES;
				CLANG_WARN_COMMA = YES;
				CLANG_WARN_CONSTANT_CONVERSION = YES;
				CLANG_WARN_DEPRECATED_OBJC_IMPLEMENTATIONS = YES;
				CLANG_WARN_DIRECT_OBJC_ISA_USAGE = YES_ERROR;
				CLANG_WARN_DOCUMENTATION_COMMENTS = YES;
				CLANG_WARN_EMPTY_BODY = YES;
				CLANG_WARN_ENUM_CONVERSION = YES;
				CLANG_WARN_INFINITE_RECURSION = YES;
				CLANG_WARN_INT_CONVERSION = YES;
				CLANG_WARN_NON_LITERAL_NULL_CONVERSION = YES;
				CLANG_WARN_OBJC_IMPLICIT_RETAIN_SELF = YES;
				CLANG_WARN_OBJC_LITERAL_CONVERSION = YES;
				CLANG_WARN_OBJC_ROOT_CLASS = YES_ERROR;
				CLANG_WARN_QUOTED_INCLUDE_IN_FRAMEWORK_HEADER = YES;
				CLANG_WARN_RANGE_LOOP_ANALYSIS = YES;
				CLANG_WARN_STRICT_PROTOTYPES = YES;
				CLANG_WARN_SUSPICIOUS_MOVE = YES;
				CLANG_WARN_UNGUARDED_AVAILABILITY = YES_AGGRESSIVE;
				CLANG_WARN_UNREACHABLE_CODE = YES;
				CLANG_WARN__DUPLICATE_METHOD_MATCH = YES;
				COPY_PHASE_STRIP = NO;
				DEBUG_INFORMATION_FORMAT = "dwarf-with-dsym";
				ENABLE_NS_ASSERTIONS = NO;
				ENABLE_STRICT_OBJC_MSGSEND = YES;
				GCC_C_LANGUAGE_STANDARD = gnu11;
				GCC_NO_COMMON_BLOCKS = YES;
				GCC_WARN_64_TO_32_BIT_CONVERSION = YES;
				GCC_WARN_ABOUT_RETURN_TYPE = YES_ERROR;
				GCC_WARN_UNDECLARED_SELECTOR = YES;
				GCC_WARN_UNINITIALIZED_AUTOS = YES_AGGRESSIVE;
				GCC_WARN_UNUSED_FUNCTION = YES;
				GCC_WARN_UNUSED_VARIABLE = YES;
				IPHONEOS_DEPLOYMENT_TARGET = 15.2;
				MTL_ENABLE_DEBUG_INFO = NO;
				MTL_FAST_MATH = YES;
				SDKROOT = iphoneos;
				SWIFT_COMPILATION_MODE = wholemodule;
				SWIFT_OPTIMIZATION_LEVEL = "-O";
				VALIDATE_PRODUCT = YES;
			};
			name = Release;
		};
		C7C2E96727ACF82400FCC8CA /* Debug */ = {
			isa = XCBuildConfiguration;
			buildSettings = {
				ASSETCATALOG_COMPILER_APPICON_NAME = AppIcon;
				ASSETCATALOG_COMPILER_GLOBAL_ACCENT_COLOR_NAME = AccentColor;
				CODE_SIGN_STYLE = Automatic;
				CURRENT_PROJECT_VERSION = 1;
				DEVELOPMENT_TEAM = U8D929GP9W;
				GENERATE_INFOPLIST_FILE = YES;
				INFOPLIST_FILE = ConcentrationGame/Info.plist;
				INFOPLIST_KEY_UIApplicationSupportsIndirectInputEvents = YES;
				INFOPLIST_KEY_UILaunchStoryboardName = LaunchScreen;
				INFOPLIST_KEY_UIMainStoryboardFile = Main;
				INFOPLIST_KEY_UISupportedInterfaceOrientations_iPad = "UIInterfaceOrientationPortrait UIInterfaceOrientationPortraitUpsideDown UIInterfaceOrientationLandscapeLeft UIInterfaceOrientationLandscapeRight";
				INFOPLIST_KEY_UISupportedInterfaceOrientations_iPhone = "UIInterfaceOrientationPortrait UIInterfaceOrientationLandscapeLeft UIInterfaceOrientationLandscapeRight";
				LD_RUNPATH_SEARCH_PATHS = (
					"$(inherited)",
					"@executable_path/Frameworks",
				);
				MARKETING_VERSION = 1.0;
				PRODUCT_BUNDLE_IDENTIFIER = com.learn.concentrationGame.ConcentrationGame;
				PRODUCT_NAME = "$(TARGET_NAME)";
				SWIFT_EMIT_LOC_STRINGS = YES;
				SWIFT_VERSION = 5.0;
				TARGETED_DEVICE_FAMILY = "1,2";
			};
			name = Debug;
		};
		C7C2E96827ACF82400FCC8CA /* Release */ = {
			isa = XCBuildConfiguration;
			buildSettings = {
				ASSETCATALOG_COMPILER_APPICON_NAME = AppIcon;
				ASSETCATALOG_COMPILER_GLOBAL_ACCENT_COLOR_NAME = AccentColor;
				CODE_SIGN_STYLE = Automatic;
				CURRENT_PROJECT_VERSION = 1;
				DEVELOPMENT_TEAM = U8D929GP9W;
				GENERATE_INFOPLIST_FILE = YES;
				INFOPLIST_FILE = ConcentrationGame/Info.plist;
				INFOPLIST_KEY_UIApplicationSupportsIndirectInputEvents = YES;
				INFOPLIST_KEY_UILaunchStoryboardName = LaunchScreen;
				INFOPLIST_KEY_UIMainStoryboardFile = Main;
				INFOPLIST_KEY_UISupportedInterfaceOrientations_iPad = "UIInterfaceOrientationPortrait UIInterfaceOrientationPortraitUpsideDown UIInterfaceOrientationLandscapeLeft UIInterfaceOrientationLandscapeRight";
				INFOPLIST_KEY_UISupportedInterfaceOrientations_iPhone = "UIInterfaceOrientationPortrait UIInterfaceOrientationLandscapeLeft UIInterfaceOrientationLandscapeRight";
				LD_RUNPATH_SEARCH_PATHS = (
					"$(inherited)",
					"@executable_path/Frameworks",
				);
				MARKETING_VERSION = 1.0;
				PRODUCT_BUNDLE_IDENTIFIER = com.learn.concentrationGame.ConcentrationGame;
				PRODUCT_NAME = "$(TARGET_NAME)";
				SWIFT_EMIT_LOC_STRINGS = YES;
				SWIFT_VERSION = 5.0;
				TARGETED_DEVICE_FAMILY = "1,2";
			};
			name = Release;
		};
/* End XCBuildConfiguration section */

/* Begin XCConfigurationList section */
		C7C2E94D27ACF82300FCC8CA /* Build configuration list for PBXProject "ConcentrationGame" */ = {
			isa = XCConfigurationList;
			buildConfigurations = (
				C7C2E96427ACF82400FCC8CA /* Debug */,
				C7C2E96527ACF82400FCC8CA /* Release */,
			);
			defaultConfigurationIsVisible = 0;
			defaultConfigurationName = Release;
		};
		C7C2E96627ACF82400FCC8CA /* Build configuration list for PBXNativeTarget "ConcentrationGame" */ = {
			isa = XCConfigurationList;
			buildConfigurations = (
				C7C2E96727ACF82400FCC8CA /* Debug */,
				C7C2E96827ACF82400FCC8CA /* Release */,
			);
			defaultConfigurationIsVisible = 0;
			defaultConfigurationName = Release;
		};
/* End XCConfigurationList section */
	};
	rootObject = C7C2E94A27ACF82300FCC8CA /* Project object */;
}
